// !$*UTF8*$!
{
	archiveVersion = 1;
	classes = {
	};
	objectVersion = 46;
	objects = {

/* Begin PBXBuildFile section */
		1A3227251D759E8F00CDCFF4 /* AppDelegate.swift in Sources */ = {isa = PBXBuildFile; fileRef = 1A3227241D759E8F00CDCFF4 /* AppDelegate.swift */; };
		1A3227271D759E8F00CDCFF4 /* ViewController.swift in Sources */ = {isa = PBXBuildFile; fileRef = 1A3227261D759E8F00CDCFF4 /* ViewController.swift */; };
		1A32272A1D759E8F00CDCFF4 /* Main.storyboard in Resources */ = {isa = PBXBuildFile; fileRef = 1A3227281D759E8F00CDCFF4 /* Main.storyboard */; };
		1A32272C1D759E8F00CDCFF4 /* Assets.xcassets in Resources */ = {isa = PBXBuildFile; fileRef = 1A32272B1D759E8F00CDCFF4 /* Assets.xcassets */; };
		1A32272F1D759E8F00CDCFF4 /* LaunchScreen.storyboard in Resources */ = {isa = PBXBuildFile; fileRef = 1A32272D1D759E8F00CDCFF4 /* LaunchScreen.storyboard */; };
		1A32273A1D759E9000CDCFF4 /* RESTInPeaceTests.swift in Sources */ = {isa = PBXBuildFile; fileRef = 1A3227391D759E9000CDCFF4 /* RESTInPeaceTests.swift */; };
/* End PBXBuildFile section */

/* Begin PBXContainerItemProxy section */
		1A3227361D759E9000CDCFF4 /* PBXContainerItemProxy */ = {
			isa = PBXContainerItemProxy;
			containerPortal = 1A3227191D759E8F00CDCFF4 /* Project object */;
			proxyType = 1;
			remoteGlobalIDString = 1A3227201D759E8F00CDCFF4;
			remoteInfo = RESTInPeace;
		};
/* End PBXContainerItemProxy section */

/* Begin PBXFileReference section */
		1A3227211D759E8F00CDCFF4 /* RESTInPeace.app */ = {isa = PBXFileReference; explicitFileType = wrapper.application; includeInIndex = 0; path = RESTInPeace.app; sourceTree = BUILT_PRODUCTS_DIR; };
		1A3227241D759E8F00CDCFF4 /* AppDelegate.swift */ = {isa = PBXFileReference; lastKnownFileType = sourcecode.swift; path = AppDelegate.swift; sourceTree = "<group>"; };
		1A3227261D759E8F00CDCFF4 /* ViewController.swift */ = {isa = PBXFileReference; lastKnownFileType = sourcecode.swift; path = ViewController.swift; sourceTree = "<group>"; };
		1A3227291D759E8F00CDCFF4 /* Base */ = {isa = PBXFileReference; lastKnownFileType = file.storyboard; name = Base; path = Base.lproj/Main.storyboard; sourceTree = "<group>"; };
		1A32272B1D759E8F00CDCFF4 /* Assets.xcassets */ = {isa = PBXFileReference; lastKnownFileType = folder.assetcatalog; path = Assets.xcassets; sourceTree = "<group>"; };
		1A32272E1D759E8F00CDCFF4 /* Base */ = {isa = PBXFileReference; lastKnownFileType = file.storyboard; name = Base; path = Base.lproj/LaunchScreen.storyboard; sourceTree = "<group>"; };
		1A3227301D759E8F00CDCFF4 /* Info.plist */ = {isa = PBXFileReference; lastKnownFileType = text.plist.xml; path = Info.plist; sourceTree = "<group>"; };
		1A3227351D759E9000CDCFF4 /* RESTInPeaceTests.xctest */ = {isa = PBXFileReference; explicitFileType = wrapper.cfbundle; includeInIndex = 0; path = RESTInPeaceTests.xctest; sourceTree = BUILT_PRODUCTS_DIR; };
		1A3227391D759E9000CDCFF4 /* RESTInPeaceTests.swift */ = {isa = PBXFileReference; lastKnownFileType = sourcecode.swift; path = RESTInPeaceTests.swift; sourceTree = "<group>"; };
		1A32273B1D759E9000CDCFF4 /* Info.plist */ = {isa = PBXFileReference; lastKnownFileType = text.plist.xml; path = Info.plist; sourceTree = "<group>"; };
/* End PBXFileReference section */

/* Begin PBXFrameworksBuildPhase section */
		1A32271E1D759E8F00CDCFF4 /* Frameworks */ = {
			isa = PBXFrameworksBuildPhase;
			buildActionMask = 2147483647;
			files = (
			);
			runOnlyForDeploymentPostprocessing = 0;
		};
		1A3227321D759E9000CDCFF4 /* Frameworks */ = {
			isa = PBXFrameworksBuildPhase;
			buildActionMask = 2147483647;
			files = (
			);
			runOnlyForDeploymentPostprocessing = 0;
		};
/* End PBXFrameworksBuildPhase section */

/* Begin PBXGroup section */
		1A3227181D759E8F00CDCFF4 = {
			isa = PBXGroup;
			children = (
				1A3227231D759E8F00CDCFF4 /* RESTInPeace */,
				1A3227381D759E9000CDCFF4 /* RESTInPeaceTests */,
				1A3227221D759E8F00CDCFF4 /* Products */,
			);
			sourceTree = "<group>";
		};
		1A3227221D759E8F00CDCFF4 /* Products */ = {
			isa = PBXGroup;
			children = (
				1A3227211D759E8F00CDCFF4 /* RESTInPeace.app */,
				1A3227351D759E9000CDCFF4 /* RESTInPeaceTests.xctest */,
			);
			name = Products;
			sourceTree = "<group>";
		};
		1A3227231D759E8F00CDCFF4 /* RESTInPeace */ = {
			isa = PBXGroup;
			children = (
				1A3227241D759E8F00CDCFF4 /* AppDelegate.swift */,
				1A3227261D759E8F00CDCFF4 /* ViewController.swift */,
				1A3227281D759E8F00CDCFF4 /* Main.storyboard */,
				1A32272B1D759E8F00CDCFF4 /* Assets.xcassets */,
				1A32272D1D759E8F00CDCFF4 /* LaunchScreen.storyboard */,
				1A3227301D759E8F00CDCFF4 /* Info.plist */,
			);
			path = RESTInPeace;
			sourceTree = "<group>";
		};
		1A3227381D759E9000CDCFF4 /* RESTInPeaceTests */ = {
			isa = PBXGroup;
			children = (
				1A3227391D759E9000CDCFF4 /* RESTInPeaceTests.swift */,
				1A32273B1D759E9000CDCFF4 /* Info.plist */,
			);
			path = RESTInPeaceTests;
			sourceTree = "<group>";
		};
/* End PBXGroup section */

/* Begin PBXNativeTarget section */
		1A3227201D759E8F00CDCFF4 /* RESTInPeace */ = {
			isa = PBXNativeTarget;
			buildConfigurationList = 1A32273E1D759E9000CDCFF4 /* Build configuration list for PBXNativeTarget "RESTInPeace" */;
			buildPhases = (
				1A32271D1D759E8F00CDCFF4 /* Sources */,
				1A32271E1D759E8F00CDCFF4 /* Frameworks */,
				1A32271F1D759E8F00CDCFF4 /* Resources */,
			);
			buildRules = (
			);
			dependencies = (
			);
			name = RESTInPeace;
			productName = RESTInPeace;
			productReference = 1A3227211D759E8F00CDCFF4 /* RESTInPeace.app */;
			productType = "com.apple.product-type.application";
		};
		1A3227341D759E9000CDCFF4 /* RESTInPeaceTests */ = {
			isa = PBXNativeTarget;
			buildConfigurationList = 1A3227411D759E9000CDCFF4 /* Build configuration list for PBXNativeTarget "RESTInPeaceTests" */;
			buildPhases = (
				1A3227311D759E9000CDCFF4 /* Sources */,
				1A3227321D759E9000CDCFF4 /* Frameworks */,
				1A3227331D759E9000CDCFF4 /* Resources */,
			);
			buildRules = (
			);
			dependencies = (
				1A3227371D759E9000CDCFF4 /* PBXTargetDependency */,
			);
			name = RESTInPeaceTests;
			productName = RESTInPeaceTests;
			productReference = 1A3227351D759E9000CDCFF4 /* RESTInPeaceTests.xctest */;
			productType = "com.apple.product-type.bundle.unit-test";
		};
/* End PBXNativeTarget section */

/* Begin PBXProject section */
		1A3227191D759E8F00CDCFF4 /* Project object */ = {
			isa = PBXProject;
			attributes = {
				LastSwiftUpdateCheck = 0730;
				LastUpgradeCheck = 0730;
				ORGANIZATIONNAME = xplorld;
				TargetAttributes = {
					1A3227201D759E8F00CDCFF4 = {
						CreatedOnToolsVersion = 7.3.1;
					};
					1A3227341D759E9000CDCFF4 = {
						CreatedOnToolsVersion = 7.3.1;
						TestTargetID = 1A3227201D759E8F00CDCFF4;
					};
				};
			};
			buildConfigurationList = 1A32271C1D759E8F00CDCFF4 /* Build configuration list for PBXProject "RESTInPeace" */;
			compatibilityVersion = "Xcode 3.2";
			developmentRegion = English;
			hasScannedForEncodings = 0;
			knownRegions = (
				en,
				Base,
			);
			mainGroup = 1A3227181D759E8F00CDCFF4;
			productRefGroup = 1A3227221D759E8F00CDCFF4 /* Products */;
			projectDirPath = "";
			projectRoot = "";
			targets = (
				1A3227201D759E8F00CDCFF4 /* RESTInPeace */,
				1A3227341D759E9000CDCFF4 /* RESTInPeaceTests */,
			);
		};
/* End PBXProject section */

/* Begin PBXResourcesBuildPhase section */
		1A32271F1D759E8F00CDCFF4 /* Resources */ = {
			isa = PBXResourcesBuildPhase;
			buildActionMask = 2147483647;
			files = (
				1A32272F1D759E8F00CDCFF4 /* LaunchScreen.storyboard in Resources */,
				1A32272C1D759E8F00CDCFF4 /* Assets.xcassets in Resources */,
				1A32272A1D759E8F00CDCFF4 /* Main.storyboard in Resources */,
			);
			runOnlyForDeploymentPostprocessing = 0;
		};
		1A3227331D759E9000CDCFF4 /* Resources */ = {
			isa = PBXResourcesBuildPhase;
			buildActionMask = 2147483647;
			files = (
			);
			runOnlyForDeploymentPostprocessing = 0;
		};
/* End PBXResourcesBuildPhase section */

/* Begin PBXSourcesBuildPhase section */
		1A32271D1D759E8F00CDCFF4 /* Sources */ = {
			isa = PBXSourcesBuildPhase;
			buildActionMask = 2147483647;
			files = (
				1A3227271D759E8F00CDCFF4 /* ViewController.swift in Sources */,
				1A3227251D759E8F00CDCFF4 /* AppDelegate.swift in Sources */,
			);
			runOnlyForDeploymentPostprocessing = 0;
		};
		1A3227311D759E9000CDCFF4 /* Sources */ = {
			isa = PBXSourcesBuildPhase;
			buildActionMask = 2147483647;
			files = (
				1A32273A1D759E9000CDCFF4 /* RESTInPeaceTests.swift in Sources */,
			);
			runOnlyForDeploymentPostprocessing = 0;
		};
/* End PBXSourcesBuildPhase section */

/* Begin PBXTargetDependency section */
		1A3227371D759E9000CDCFF4 /* PBXTargetDependency */ = {
			isa = PBXTargetDependency;
			target = 1A3227201D759E8F00CDCFF4 /* RESTInPeace */;
			targetProxy = 1A3227361D759E9000CDCFF4 /* PBXContainerItemProxy */;
		};
/* End PBXTargetDependency section */

/* Begin PBXVariantGroup section */
		1A3227281D759E8F00CDCFF4 /* Main.storyboard */ = {
			isa = PBXVariantGroup;
			children = (
				1A3227291D759E8F00CDCFF4 /* Base */,
			);
			name = Main.storyboard;
			sourceTree = "<group>";
		};
		1A32272D1D759E8F00CDCFF4 /* LaunchScreen.storyboard */ = {
			isa = PBXVariantGroup;
			children = (
				1A32272E1D759E8F00CDCFF4 /* Base */,
			);
			name = LaunchScreen.storyboard;
			sourceTree = "<group>";
		};
/* End PBXVariantGroup section */

/* Begin XCBuildConfiguration section */
		1A32273C1D759E9000CDCFF4 /* Debug */ = {
			isa = XCBuildConfiguration;
			buildSettings = {
				ALWAYS_SEARCH_USER_PATHS = NO;
				CLANG_ANALYZER_NONNULL = YES;
				CLANG_CXX_LANGUAGE_STANDARD = "gnu++0x";
				CLANG_CXX_LIBRARY = "libc++";
				CLANG_ENABLE_MODULES = YES;
				CLANG_ENABLE_OBJC_ARC = YES;
				CLANG_WARN_BOOL_CONVERSION = YES;
				CLANG_WARN_CONSTANT_CONVERSION = YES;
				CLANG_WARN_DIRECT_OBJC_ISA_USAGE = YES_ERROR;
				CLANG_WARN_EMPTY_BODY = YES;
				CLANG_WARN_ENUM_CONVERSION = YES;
				CLANG_WARN_INT_CONVERSION = YES;
				CLANG_WARN_OBJC_ROOT_CLASS = YES_ERROR;
				CLANG_WARN_UNREACHABLE_CODE = YES;
				CLANG_WARN__DUPLICATE_METHOD_MATCH = YES;
				"CODE_SIGN_IDENTITY[sdk=iphoneos*]" = "iPhone Developer";
				COPY_PHASE_STRIP = NO;
				DEBUG_INFORMATION_FORMAT = dwarf;
				ENABLE_STRICT_OBJC_MSGSEND = YES;
				ENABLE_TESTABILITY = YES;
				GCC_C_LANGUAGE_STANDARD = gnu99;
				GCC_DYNAMIC_NO_PIC = NO;
				GCC_NO_COMMON_BLOCKS = YES;
				GCC_OPTIMIZATION_LEVEL = 0;
				GCC_PREPROCESSOR_DEFINITIONS = (
					"DEBUG=1",
					"$(inherited)",
				);
				GCC_WARN_64_TO_32_BIT_CONVERSION = YES;
				GCC_WARN_ABOUT_RETURN_TYPE = YES_ERROR;
				GCC_WARN_UNDECLARED_SELECTOR = YES;
				GCC_WARN_UNINITIALIZED_AUTOS = YES_AGGRESSIVE;
				GCC_WARN_UNUSED_FUNCTION = YES;
				GCC_WARN_UNUSED_VARIABLE = YES;
				IPHONEOS_DEPLOYMENT_TARGET = 9.3;
				MTL_ENABLE_DEBUG_INFO = YES;
				ONLY_ACTIVE_ARCH = YES;
				SDKROOT = iphoneos;
				SWIFT_OPTIMIZATION_LEVEL = "-Onone";
			};
			name = Debug;
		};
		1A32273D1D759E9000CDCFF4 /* Release */ = {
			isa = XCBuildConfiguration;
			buildSettings = {
				ALWAYS_SEARCH_USER_PATHS = NO;
				CLANG_ANALYZER_NONNULL = YES;
				CLANG_CXX_LANGUAGE_STANDARD = "gnu++0x";
				CLANG_CXX_LIBRARY = "libc++";
				CLANG_ENABLE_MODULES = YES;
				CLANG_ENABLE_OBJC_ARC = YES;
				CLANG_WARN_BOOL_CONVERSION = YES;
				CLANG_WARN_CONSTANT_CONVERSION = YES;
				CLANG_WARN_DIRECT_OBJC_ISA_USAGE = YES_ERROR;
				CLANG_WARN_EMPTY_BODY = YES;
				CLANG_WARN_ENUM_CONVERSION = YES;
				CLANG_WARN_INT_CONVERSION = YES;
				CLANG_WARN_OBJC_ROOT_CLASS = YES_ERROR;
				CLANG_WARN_UNREACHABLE_CODE = YES;
				CLANG_WARN__DUPLICATE_METHOD_MATCH = YES;
				"CODE_SIGN_IDENTITY[sdk=iphoneos*]" = "iPhone Developer";
				COPY_PHASE_STRIP = NO;
				DEBUG_INFORMATION_FORMAT = "dwarf-with-dsym";
				ENABLE_NS_ASSERTIONS = NO;
				ENABLE_STRICT_OBJC_MSGSEND = YES;
				GCC_C_LANGUAGE_STANDARD = gnu99;
				GCC_NO_COMMON_BLOCKS = YES;
				GCC_WARN_64_TO_32_BIT_CONVERSION = YES;
				GCC_WARN_ABOUT_RETURN_TYPE = YES_ERROR;
				GCC_WARN_UNDECLARED_SELECTOR = YES;
				GCC_WARN_UNINITIALIZED_AUTOS = YES_AGGRESSIVE;
				GCC_WARN_UNUSED_FUNCTION = YES;
				GCC_WARN_UNUSED_VARIABLE = YES;
				IPHONEOS_DEPLOYMENT_TARGET = 9.3;
				MTL_ENABLE_DEBUG_INFO = NO;
				SDKROOT = iphoneos;
				VALIDATE_PRODUCT = YES;
			};
			name = Release;
		};
		1A32273F1D759E9000CDCFF4 /* Debug */ = {
			isa = XCBuildConfiguration;
			buildSettings = {
				ASSETCATALOG_COMPILER_APPICON_NAME = AppIcon;
				INFOPLIST_FILE = RESTInPeace/Info.plist;
				LD_RUNPATH_SEARCH_PATHS = "$(inherited) @executable_path/Frameworks";
				PRODUCT_BUNDLE_IDENTIFIER = com.xplorld.RESTInPeace;
				PRODUCT_NAME = "$(TARGET_NAME)";
			};
			name = Debug;
		};
		1A3227401D759E9000CDCFF4 /* Release */ = {
			isa = XCBuildConfiguration;
			buildSettings = {
				ASSETCATALOG_COMPILER_APPICON_NAME = AppIcon;
				INFOPLIST_FILE = RESTInPeace/Info.plist;
				LD_RUNPATH_SEARCH_PATHS = "$(inherited) @executable_path/Frameworks";
				PRODUCT_BUNDLE_IDENTIFIER = com.xplorld.RESTInPeace;
				PRODUCT_NAME = "$(TARGET_NAME)";
			};
			name = Release;
		};
		1A3227421D759E9000CDCFF4 /* Debug */ = {
			isa = XCBuildConfiguration;
			buildSettings = {
				BUNDLE_LOADER = "$(TEST_HOST)";
				INFOPLIST_FILE = RESTInPeaceTests/Info.plist;
				LD_RUNPATH_SEARCH_PATHS = "$(inherited) @executable_path/Frameworks @loader_path/Frameworks";
				PRODUCT_BUNDLE_IDENTIFIER = com.xplorld.RESTInPeaceTests;
				PRODUCT_NAME = "$(TARGET_NAME)";
				TEST_HOST = "$(BUILT_PRODUCTS_DIR)/RESTInPeace.app/RESTInPeace";
			};
			name = Debug;
		};
		1A3227431D759E9000CDCFF4 /* Release */ = {
			isa = XCBuildConfiguration;
			buildSettings = {
				BUNDLE_LOADER = "$(TEST_HOST)";
				INFOPLIST_FILE = RESTInPeaceTests/Info.plist;
				LD_RUNPATH_SEARCH_PATHS = "$(inherited) @executable_path/Frameworks @loader_path/Frameworks";
				PRODUCT_BUNDLE_IDENTIFIER = com.xplorld.RESTInPeaceTests;
				PRODUCT_NAME = "$(TARGET_NAME)";
				TEST_HOST = "$(BUILT_PRODUCTS_DIR)/RESTInPeace.app/RESTInPeace";
			};
			name = Release;
		};
/* End XCBuildConfiguration section */

/* Begin XCConfigurationList section */
		1A32271C1D759E8F00CDCFF4 /* Build configuration list for PBXProject "RESTInPeace" */ = {
			isa = XCConfigurationList;
			buildConfigurations = (
				1A32273C1D759E9000CDCFF4 /* Debug */,
				1A32273D1D759E9000CDCFF4 /* Release */,
			);
			defaultConfigurationIsVisible = 0;
			defaultConfigurationName = Release;
		};
		1A32273E1D759E9000CDCFF4 /* Build configuration list for PBXNativeTarget "RESTInPeace" */ = {
			isa = XCConfigurationList;
			buildConfigurations = (
				1A32273F1D759E9000CDCFF4 /* Debug */,
				1A3227401D759E9000CDCFF4 /* Release */,
			);
			defaultConfigurationIsVisible = 0;
		};
		1A3227411D759E9000CDCFF4 /* Build configuration list for PBXNativeTarget "RESTInPeaceTests" */ = {
			isa = XCConfigurationList;
			buildConfigurations = (
				1A3227421D759E9000CDCFF4 /* Debug */,
				1A3227431D759E9000CDCFF4 /* Release */,
			);
			defaultConfigurationIsVisible = 0;
		};
/* End XCConfigurationList section */
	};
	rootObject = 1A3227191D759E8F00CDCFF4 /* Project object */;
}
